
Microsoft Visual Studio Solution File, Format Version 12.00
# Visual Studio 14
VisualStudioVersion = 14.0.23107.0
MinimumVisualStudioVersion = 10.0.40219.1
Project("{2150E333-8FDC-42A3-9474-1A3956D46DE8}") = "Utils", "Utils", "{ACA2BD00-9DE8-4309-8645-BB57EF1DA856}"
EndProject
Project("{FAE04EC0-301F-11D3-BF4B-00C04F79EFBC}") = "GfPolynoms", "sources\GfPolynoms\GfPolynoms.csproj", "{BF056AEA-80BD-4FAE-B617-CCF0F34B72C5}"
EndProject
Project("{FAE04EC0-301F-11D3-BF4B-00C04F79EFBC}") = "GfPolynoms.Tests", "GfPolynoms.Tests\GfPolynoms.Tests.csproj", "{B74C13DA-61CC-4072-A90A-C637C8F678B5}"
EndProject
Global
	GlobalSection(SolutionConfigurationPlatforms) = preSolution
		Debug|Any CPU = Debug|Any CPU
		Release|Any CPU = Release|Any CPU
	EndGlobalSection
	GlobalSection(ProjectConfigurationPlatforms) = postSolution
		{BF056AEA-80BD-4FAE-B617-CCF0F34B72C5}.Debug|Any CPU.ActiveCfg = Debug|Any CPU
		{BF056AEA-80BD-4FAE-B617-CCF0F34B72C5}.Debug|Any CPU.Build.0 = Debug|Any CPU
		{BF056AEA-80BD-4FAE-B617-CCF0F34B72C5}.Release|Any CPU.ActiveCfg = Release|Any CPU
		{BF056AEA-80BD-4FAE-B617-CCF0F34B72C5}.Release|Any CPU.Build.0 = Release|Any CPU
		{B74C13DA-61CC-4072-A90A-C637C8F678B5}.Debug|Any CPU.ActiveCfg = Debug|Any CPU
		{B74C13DA-61CC-4072-A90A-C637C8F678B5}.Debug|Any CPU.Build.0 = Debug|Any CPU
		{B74C13DA-61CC-4072-A90A-C637C8F678B5}.Release|Any CPU.ActiveCfg = Release|Any CPU
		{B74C13DA-61CC-4072-A90A-C637C8F678B5}.Release|Any CPU.Build.0 = Release|Any CPU
	EndGlobalSection
	GlobalSection(SolutionProperties) = preSolution
		HideSolutionNode = FALSE
	EndGlobalSection
EndGlobal
