
Microsoft Visual Studio Solution File, Format Version 12.00
# Visual Studio 14
VisualStudioVersion = 14.0.25420.1
MinimumVisualStudioVersion = 10.0.40219.1
Project("{2150E333-8FDC-42A3-9474-1A3956D46DE8}") = "src", "src", "{A71DF841-DFC1-496C-B027-3FA00C448E2C}"
EndProject
Project("{2150E333-8FDC-42A3-9474-1A3956D46DE8}") = "Solution Items", "Solution Items", "{43F2630B-2EF9-4BB4-BD2F-CD4CF9C6173A}"
	ProjectSection(SolutionItems) = preProject
		global.json = global.json
	EndProjectSection
EndProject
Project("{8BB2217D-0F2D-49D1-97BC-3654ED321F3B}") = "GfPolynoms", "src\AppliedAlgebra.GfPolynoms\GfPolynoms.xproj", "{9CEC4D4B-5730-47FF-AB73-2655A04D032B}"
EndProject
Project("{8BB2217D-0F2D-49D1-97BC-3654ED321F3B}") = "GfAlgorithms", "src\AppliedAlgebra.GfAlgorithms\GfAlgorithms.xproj", "{12B4FE38-B65E-4E51-B86E-E27185AAF74E}"
EndProject
Project("{8BB2217D-0F2D-49D1-97BC-3654ED321F3B}") = "RsCodesTools", "src\AppliedAlgebra.RsCodesTools\RsCodesTools.xproj", "{2F566060-530E-4E6E-AA25-0308D9C417E1}"
EndProject
Project("{8BB2217D-0F2D-49D1-97BC-3654ED321F3B}") = "WaveletCodesTools", "src\AppliedAlgebra.WaveletCodesTools\WaveletCodesTools.xproj", "{AD67F1B1-834E-472C-8971-3386155AA268}"
EndProject
Project("{2150E333-8FDC-42A3-9474-1A3956D46DE8}") = "Utils", "Utils", "{F9B5A48E-4154-43FE-B73A-95F862E9A895}"
EndProject
Project("{8BB2217D-0F2D-49D1-97BC-3654ED321F3B}") = "SpectrumAnalyzer", "src\Utils\SpectrumAnalyzer\SpectrumAnalyzer.xproj", "{F982DD75-25E4-4A6A-A3BF-747926EAC039}"
EndProject
Project("{8BB2217D-0F2D-49D1-97BC-3654ED321F3B}") = "WaveletCodesListDecodingAnalyzer", "src\Utils\WaveletCodesListDecodingAnalyzer\WaveletCodesListDecodingAnalyzer.xproj", "{1A1DA75C-8E8D-4D38-8E5E-CC3F0A87B5BE}"
EndProject
Project("{2150E333-8FDC-42A3-9474-1A3956D46DE8}") = "test", "test", "{4A10952A-48CB-4713-979D-77EE69281CB0}"
EndProject
Project("{8BB2217D-0F2D-49D1-97BC-3654ED321F3B}") = "GfPolynoms.Tests", "test\GfPolynoms.Tests\GfPolynoms.Tests.xproj", "{1EC5FF11-F45A-45C3-9BE7-7767F48FA7A5}"
EndProject
Project("{8BB2217D-0F2D-49D1-97BC-3654ED321F3B}") = "GfAlgorithms.Tests", "test\GfAlgorithms.Tests\GfAlgorithms.Tests.xproj", "{D11AA495-1234-421B-9AD1-42FA57A710AB}"
EndProject
Project("{8BB2217D-0F2D-49D1-97BC-3654ED321F3B}") = "RsCodesTools.Tests", "test\RsCodesTools.Tests\RsCodesTools.Tests.xproj", "{F7759D59-09E1-4BBB-B510-FD1A6A0365E0}"
EndProject
Project("{8BB2217D-0F2D-49D1-97BC-3654ED321F3B}") = "WaveletCodesTools.Tests", "test\WaveletCodesTools.Tests\WaveletCodesTools.Tests.xproj", "{3994779C-D5B7-4D4E-B3E3-8CC54C952A3D}"
EndProject
Global
	GlobalSection(SolutionConfigurationPlatforms) = preSolution
		Debug|Any CPU = Debug|Any CPU
		Release|Any CPU = Release|Any CPU
	EndGlobalSection
	GlobalSection(ProjectConfigurationPlatforms) = postSolution
		{9CEC4D4B-5730-47FF-AB73-2655A04D032B}.Debug|Any CPU.ActiveCfg = Debug|Any CPU
		{9CEC4D4B-5730-47FF-AB73-2655A04D032B}.Debug|Any CPU.Build.0 = Debug|Any CPU
		{9CEC4D4B-5730-47FF-AB73-2655A04D032B}.Release|Any CPU.ActiveCfg = Release|Any CPU
		{9CEC4D4B-5730-47FF-AB73-2655A04D032B}.Release|Any CPU.Build.0 = Release|Any CPU
		{12B4FE38-B65E-4E51-B86E-E27185AAF74E}.Debug|Any CPU.ActiveCfg = Debug|Any CPU
		{12B4FE38-B65E-4E51-B86E-E27185AAF74E}.Debug|Any CPU.Build.0 = Debug|Any CPU
		{12B4FE38-B65E-4E51-B86E-E27185AAF74E}.Release|Any CPU.ActiveCfg = Release|Any CPU
		{12B4FE38-B65E-4E51-B86E-E27185AAF74E}.Release|Any CPU.Build.0 = Release|Any CPU
		{2F566060-530E-4E6E-AA25-0308D9C417E1}.Debug|Any CPU.ActiveCfg = Debug|Any CPU
		{2F566060-530E-4E6E-AA25-0308D9C417E1}.Debug|Any CPU.Build.0 = Debug|Any CPU
		{2F566060-530E-4E6E-AA25-0308D9C417E1}.Release|Any CPU.ActiveCfg = Release|Any CPU
		{2F566060-530E-4E6E-AA25-0308D9C417E1}.Release|Any CPU.Build.0 = Release|Any CPU
		{AD67F1B1-834E-472C-8971-3386155AA268}.Debug|Any CPU.ActiveCfg = Debug|Any CPU
		{AD67F1B1-834E-472C-8971-3386155AA268}.Debug|Any CPU.Build.0 = Debug|Any CPU
		{AD67F1B1-834E-472C-8971-3386155AA268}.Release|Any CPU.ActiveCfg = Release|Any CPU
		{AD67F1B1-834E-472C-8971-3386155AA268}.Release|Any CPU.Build.0 = Release|Any CPU
		{F982DD75-25E4-4A6A-A3BF-747926EAC039}.Debug|Any CPU.ActiveCfg = Debug|Any CPU
		{F982DD75-25E4-4A6A-A3BF-747926EAC039}.Debug|Any CPU.Build.0 = Debug|Any CPU
		{F982DD75-25E4-4A6A-A3BF-747926EAC039}.Release|Any CPU.ActiveCfg = Release|Any CPU
		{F982DD75-25E4-4A6A-A3BF-747926EAC039}.Release|Any CPU.Build.0 = Release|Any CPU
		{1A1DA75C-8E8D-4D38-8E5E-CC3F0A87B5BE}.Debug|Any CPU.ActiveCfg = Debug|Any CPU
		{1A1DA75C-8E8D-4D38-8E5E-CC3F0A87B5BE}.Debug|Any CPU.Build.0 = Debug|Any CPU
		{1A1DA75C-8E8D-4D38-8E5E-CC3F0A87B5BE}.Release|Any CPU.ActiveCfg = Release|Any CPU
		{1A1DA75C-8E8D-4D38-8E5E-CC3F0A87B5BE}.Release|Any CPU.Build.0 = Release|Any CPU
		{1EC5FF11-F45A-45C3-9BE7-7767F48FA7A5}.Debug|Any CPU.ActiveCfg = Debug|Any CPU
		{1EC5FF11-F45A-45C3-9BE7-7767F48FA7A5}.Debug|Any CPU.Build.0 = Debug|Any CPU
		{1EC5FF11-F45A-45C3-9BE7-7767F48FA7A5}.Release|Any CPU.ActiveCfg = Release|Any CPU
		{1EC5FF11-F45A-45C3-9BE7-7767F48FA7A5}.Release|Any CPU.Build.0 = Release|Any CPU
		{D11AA495-1234-421B-9AD1-42FA57A710AB}.Debug|Any CPU.ActiveCfg = Debug|Any CPU
		{D11AA495-1234-421B-9AD1-42FA57A710AB}.Debug|Any CPU.Build.0 = Debug|Any CPU
		{D11AA495-1234-421B-9AD1-42FA57A710AB}.Release|Any CPU.ActiveCfg = Release|Any CPU
		{D11AA495-1234-421B-9AD1-42FA57A710AB}.Release|Any CPU.Build.0 = Release|Any CPU
		{F7759D59-09E1-4BBB-B510-FD1A6A0365E0}.Debug|Any CPU.ActiveCfg = Debug|Any CPU
		{F7759D59-09E1-4BBB-B510-FD1A6A0365E0}.Debug|Any CPU.Build.0 = Debug|Any CPU
		{F7759D59-09E1-4BBB-B510-FD1A6A0365E0}.Release|Any CPU.ActiveCfg = Release|Any CPU
		{F7759D59-09E1-4BBB-B510-FD1A6A0365E0}.Release|Any CPU.Build.0 = Release|Any CPU
		{3994779C-D5B7-4D4E-B3E3-8CC54C952A3D}.Debug|Any CPU.ActiveCfg = Debug|Any CPU
		{3994779C-D5B7-4D4E-B3E3-8CC54C952A3D}.Debug|Any CPU.Build.0 = Debug|Any CPU
		{3994779C-D5B7-4D4E-B3E3-8CC54C952A3D}.Release|Any CPU.ActiveCfg = Release|Any CPU
		{3994779C-D5B7-4D4E-B3E3-8CC54C952A3D}.Release|Any CPU.Build.0 = Release|Any CPU
	EndGlobalSection
	GlobalSection(SolutionProperties) = preSolution
		HideSolutionNode = FALSE
	EndGlobalSection
	GlobalSection(NestedProjects) = preSolution
		{9CEC4D4B-5730-47FF-AB73-2655A04D032B} = {A71DF841-DFC1-496C-B027-3FA00C448E2C}
		{12B4FE38-B65E-4E51-B86E-E27185AAF74E} = {A71DF841-DFC1-496C-B027-3FA00C448E2C}
		{2F566060-530E-4E6E-AA25-0308D9C417E1} = {A71DF841-DFC1-496C-B027-3FA00C448E2C}
		{AD67F1B1-834E-472C-8971-3386155AA268} = {A71DF841-DFC1-496C-B027-3FA00C448E2C}
		{F9B5A48E-4154-43FE-B73A-95F862E9A895} = {A71DF841-DFC1-496C-B027-3FA00C448E2C}
		{F982DD75-25E4-4A6A-A3BF-747926EAC039} = {F9B5A48E-4154-43FE-B73A-95F862E9A895}
		{1A1DA75C-8E8D-4D38-8E5E-CC3F0A87B5BE} = {F9B5A48E-4154-43FE-B73A-95F862E9A895}
		{1EC5FF11-F45A-45C3-9BE7-7767F48FA7A5} = {4A10952A-48CB-4713-979D-77EE69281CB0}
		{D11AA495-1234-421B-9AD1-42FA57A710AB} = {4A10952A-48CB-4713-979D-77EE69281CB0}
		{F7759D59-09E1-4BBB-B510-FD1A6A0365E0} = {4A10952A-48CB-4713-979D-77EE69281CB0}
		{3994779C-D5B7-4D4E-B3E3-8CC54C952A3D} = {4A10952A-48CB-4713-979D-77EE69281CB0}
	EndGlobalSection
EndGlobal
