
Microsoft Visual Studio Solution File, Format Version 12.00
# Visual Studio 14
VisualStudioVersion = 14.0.25123.0
MinimumVisualStudioVersion = 10.0.40219.1
Project("{2150E333-8FDC-42A3-9474-1A3956D46DE8}") = "src", "src", "{7BFEEFE9-65A4-453B-9F52-28997CA70C48}"
EndProject
Project("{2150E333-8FDC-42A3-9474-1A3956D46DE8}") = "Solution Items", "Solution Items", "{BB075B71-8C9C-4D22-B14A-9E3B0EB50771}"
	ProjectSection(SolutionItems) = preProject
		global.json = global.json
	EndProjectSection
EndProject
Project("{8BB2217D-0F2D-49D1-97BC-3654ED321F3B}") = "GfPolynoms", "src\GfPolynoms\GfPolynoms.xproj", "{3548CA32-3718-431B-8ED8-854522411EC4}"
EndProject
Project("{2150E333-8FDC-42A3-9474-1A3956D46DE8}") = "Utils", "Utils", "{64C4A487-D92F-45CA-81B0-E6996A80812E}"
EndProject
Project("{8BB2217D-0F2D-49D1-97BC-3654ED321F3B}") = "SpectrumAnalyzer", "src\Utils\SpectrumAnalyzer\SpectrumAnalyzer.xproj", "{D6A15C90-AAAB-4C19-8A29-CF7B68B83AC0}"
EndProject
Project("{2150E333-8FDC-42A3-9474-1A3956D46DE8}") = "Tests", "Tests", "{AD028079-4925-4EAB-9323-DA329AB15B50}"
EndProject
Project("{8BB2217D-0F2D-49D1-97BC-3654ED321F3B}") = "GfPolynoms.Tests", "src\Tests\GfPolynoms.Tests\GfPolynoms.Tests.xproj", "{3F48CEAD-FFD1-4524-B251-09CEB737E28A}"
EndProject
Project("{8BB2217D-0F2D-49D1-97BC-3654ED321F3B}") = "RsCodesTools", "src\RsCodesTools\RsCodesTools.xproj", "{8BB985B6-43BD-4EF4-8E39-D920DD8FACD2}"
EndProject
Project("{8BB2217D-0F2D-49D1-97BC-3654ED321F3B}") = "RsCodesTools.Tests", "src\Tests\RsCodesTools.Tests\RsCodesTools.Tests.xproj", "{2370FDB6-32E6-43CB-A8F5-2D4649954119}"
EndProject
Project("{8BB2217D-0F2D-49D1-97BC-3654ED321F3B}") = "GfAlgorithms", "src\GfAlgorithms\GfAlgorithms.xproj", "{1E450C27-7B5F-4087-9423-557B07A6B161}"
EndProject
Project("{8BB2217D-0F2D-49D1-97BC-3654ED321F3B}") = "GfAlgorithms.Tests", "src\Tests\GfAlgorithms.Tests\GfAlgorithms.Tests.xproj", "{DB350D5B-410A-467B-8AF8-D893339248BC}"
EndProject
Global
	GlobalSection(SolutionConfigurationPlatforms) = preSolution
		Debug|Any CPU = Debug|Any CPU
		Release|Any CPU = Release|Any CPU
	EndGlobalSection
	GlobalSection(ProjectConfigurationPlatforms) = postSolution
		{3548CA32-3718-431B-8ED8-854522411EC4}.Debug|Any CPU.ActiveCfg = Debug|Any CPU
		{3548CA32-3718-431B-8ED8-854522411EC4}.Debug|Any CPU.Build.0 = Debug|Any CPU
		{3548CA32-3718-431B-8ED8-854522411EC4}.Release|Any CPU.ActiveCfg = Release|Any CPU
		{3548CA32-3718-431B-8ED8-854522411EC4}.Release|Any CPU.Build.0 = Release|Any CPU
		{D6A15C90-AAAB-4C19-8A29-CF7B68B83AC0}.Debug|Any CPU.ActiveCfg = Debug|Any CPU
		{D6A15C90-AAAB-4C19-8A29-CF7B68B83AC0}.Debug|Any CPU.Build.0 = Debug|Any CPU
		{D6A15C90-AAAB-4C19-8A29-CF7B68B83AC0}.Release|Any CPU.ActiveCfg = Release|Any CPU
		{D6A15C90-AAAB-4C19-8A29-CF7B68B83AC0}.Release|Any CPU.Build.0 = Release|Any CPU
		{3F48CEAD-FFD1-4524-B251-09CEB737E28A}.Debug|Any CPU.ActiveCfg = Debug|Any CPU
		{3F48CEAD-FFD1-4524-B251-09CEB737E28A}.Debug|Any CPU.Build.0 = Debug|Any CPU
		{3F48CEAD-FFD1-4524-B251-09CEB737E28A}.Release|Any CPU.ActiveCfg = Release|Any CPU
		{3F48CEAD-FFD1-4524-B251-09CEB737E28A}.Release|Any CPU.Build.0 = Release|Any CPU
		{8BB985B6-43BD-4EF4-8E39-D920DD8FACD2}.Debug|Any CPU.ActiveCfg = Debug|Any CPU
		{8BB985B6-43BD-4EF4-8E39-D920DD8FACD2}.Debug|Any CPU.Build.0 = Debug|Any CPU
		{8BB985B6-43BD-4EF4-8E39-D920DD8FACD2}.Release|Any CPU.ActiveCfg = Release|Any CPU
		{8BB985B6-43BD-4EF4-8E39-D920DD8FACD2}.Release|Any CPU.Build.0 = Release|Any CPU
		{2370FDB6-32E6-43CB-A8F5-2D4649954119}.Debug|Any CPU.ActiveCfg = Debug|Any CPU
		{2370FDB6-32E6-43CB-A8F5-2D4649954119}.Debug|Any CPU.Build.0 = Debug|Any CPU
		{2370FDB6-32E6-43CB-A8F5-2D4649954119}.Release|Any CPU.ActiveCfg = Release|Any CPU
		{2370FDB6-32E6-43CB-A8F5-2D4649954119}.Release|Any CPU.Build.0 = Release|Any CPU
		{1E450C27-7B5F-4087-9423-557B07A6B161}.Debug|Any CPU.ActiveCfg = Debug|Any CPU
		{1E450C27-7B5F-4087-9423-557B07A6B161}.Debug|Any CPU.Build.0 = Debug|Any CPU
		{1E450C27-7B5F-4087-9423-557B07A6B161}.Release|Any CPU.ActiveCfg = Release|Any CPU
		{1E450C27-7B5F-4087-9423-557B07A6B161}.Release|Any CPU.Build.0 = Release|Any CPU
		{DB350D5B-410A-467B-8AF8-D893339248BC}.Debug|Any CPU.ActiveCfg = Debug|Any CPU
		{DB350D5B-410A-467B-8AF8-D893339248BC}.Debug|Any CPU.Build.0 = Debug|Any CPU
		{DB350D5B-410A-467B-8AF8-D893339248BC}.Release|Any CPU.ActiveCfg = Release|Any CPU
		{DB350D5B-410A-467B-8AF8-D893339248BC}.Release|Any CPU.Build.0 = Release|Any CPU
	EndGlobalSection
	GlobalSection(SolutionProperties) = preSolution
		HideSolutionNode = FALSE
	EndGlobalSection
	GlobalSection(NestedProjects) = preSolution
		{3548CA32-3718-431B-8ED8-854522411EC4} = {7BFEEFE9-65A4-453B-9F52-28997CA70C48}
		{64C4A487-D92F-45CA-81B0-E6996A80812E} = {7BFEEFE9-65A4-453B-9F52-28997CA70C48}
		{D6A15C90-AAAB-4C19-8A29-CF7B68B83AC0} = {64C4A487-D92F-45CA-81B0-E6996A80812E}
		{AD028079-4925-4EAB-9323-DA329AB15B50} = {7BFEEFE9-65A4-453B-9F52-28997CA70C48}
		{3F48CEAD-FFD1-4524-B251-09CEB737E28A} = {AD028079-4925-4EAB-9323-DA329AB15B50}
		{8BB985B6-43BD-4EF4-8E39-D920DD8FACD2} = {7BFEEFE9-65A4-453B-9F52-28997CA70C48}
		{2370FDB6-32E6-43CB-A8F5-2D4649954119} = {AD028079-4925-4EAB-9323-DA329AB15B50}
		{1E450C27-7B5F-4087-9423-557B07A6B161} = {7BFEEFE9-65A4-453B-9F52-28997CA70C48}
		{DB350D5B-410A-467B-8AF8-D893339248BC} = {AD028079-4925-4EAB-9323-DA329AB15B50}
	EndGlobalSection
EndGlobal
